// !$*UTF8*$!
{
	archiveVersion = 1;
	classes = {
	};
	objectVersion = 46;
	objects = {

/* Begin PBXBuildFile section */
		495D75C91A85B2D0007EF854 /* AudioToolbox.framework in Frameworks */ = {isa = PBXBuildFile; fileRef = 495D75C81A85B2D0007EF854 /* AudioToolbox.framework */; };
		495D75CB1A85B2D7007EF854 /* CFNetwork.framework in Frameworks */ = {isa = PBXBuildFile; fileRef = 495D75CA1A85B2D7007EF854 /* CFNetwork.framework */; };
		495D75CD1A85B2E0007EF854 /* CoreGraphics.framework in Frameworks */ = {isa = PBXBuildFile; fileRef = 495D75CC1A85B2E0007EF854 /* CoreGraphics.framework */; };
		495D75CF1A85B2E8007EF854 /* CoreLocation.framework in Frameworks */ = {isa = PBXBuildFile; fileRef = 495D75CE1A85B2E8007EF854 /* CoreLocation.framework */; };
		495D75D11A85B2F1007EF854 /* libz.dylib in Frameworks */ = {isa = PBXBuildFile; fileRef = 495D75D01A85B2F1007EF854 /* libz.dylib */; };
		495D75D31A85B2F9007EF854 /* MobileCoreServices.framework in Frameworks */ = {isa = PBXBuildFile; fileRef = 495D75D21A85B2F9007EF854 /* MobileCoreServices.framework */; };
		495D75D51A85B2FF007EF854 /* QuartzCore.framework in Frameworks */ = {isa = PBXBuildFile; fileRef = 495D75D41A85B2FF007EF854 /* QuartzCore.framework */; };
		495D75D71A85B306007EF854 /* Security.framework in Frameworks */ = {isa = PBXBuildFile; fileRef = 495D75D61A85B306007EF854 /* Security.framework */; };
		495D75D91A85B311007EF854 /* StoreKit.framework in Frameworks */ = {isa = PBXBuildFile; fileRef = 495D75D81A85B311007EF854 /* StoreKit.framework */; };
		495D75DB1A85B317007EF854 /* SystemConfiguration.framework in Frameworks */ = {isa = PBXBuildFile; fileRef = 495D75DA1A85B317007EF854 /* SystemConfiguration.framework */; };
		495D75DD1A85B340007EF854 /* libsqlite3.dylib in Frameworks */ = {isa = PBXBuildFile; fileRef = 495D75DC1A85B340007EF854 /* libsqlite3.dylib */; };
		7926DA671A860335009FABF9 /* CMU logo.png in Resources */ = {isa = PBXBuildFile; fileRef = 7926DA661A860335009FABF9 /* CMU logo.png */; };
		7926DA6B1A868A88009FABF9 /* gradientView.swift in Sources */ = {isa = PBXBuildFile; fileRef = 7926DA6A1A868A88009FABF9 /* gradientView.swift */; };
		794407FF1A859E7700C72509 /* AppDelegate.swift in Sources */ = {isa = PBXBuildFile; fileRef = 794407FE1A859E7700C72509 /* AppDelegate.swift */; };
		794408011A859E7700C72509 /* ViewController.swift in Sources */ = {isa = PBXBuildFile; fileRef = 794408001A859E7700C72509 /* ViewController.swift */; };
		794408041A859E7700C72509 /* Main.storyboard in Resources */ = {isa = PBXBuildFile; fileRef = 794408021A859E7700C72509 /* Main.storyboard */; };
		794408061A859E7700C72509 /* Images.xcassets in Resources */ = {isa = PBXBuildFile; fileRef = 794408051A859E7700C72509 /* Images.xcassets */; };
		794408091A859E7700C72509 /* LaunchScreen.xib in Resources */ = {isa = PBXBuildFile; fileRef = 794408071A859E7700C72509 /* LaunchScreen.xib */; };
		794408151A859E7700C72509 /* ScottySportsTests.swift in Sources */ = {isa = PBXBuildFile; fileRef = 794408141A859E7700C72509 /* ScottySportsTests.swift */; };
		794ED2131A85B71000CA0DD9 /* Parse.framework in Frameworks */ = {isa = PBXBuildFile; fileRef = 794ED2111A85B71000CA0DD9 /* Parse.framework */; };
		794ED5251A85BA4A00CA0DD9 /* Bolts.framework in Frameworks */ = {isa = PBXBuildFile; fileRef = 794ED40A1A85BA4A00CA0DD9 /* Bolts.framework */; };
		794ED5261A85BA4A00CA0DD9 /* FacebookSDK.framework in Frameworks */ = {isa = PBXBuildFile; fileRef = 794ED40B1A85BA4A00CA0DD9 /* FacebookSDK.framework */; };
		794ED5271A85BA4A00CA0DD9 /* FBAudienceNetwork.framework in Frameworks */ = {isa = PBXBuildFile; fileRef = 794ED40C1A85BA4A00CA0DD9 /* FBAudienceNetwork.framework */; };
		794ED5281A85BA4B00CA0DD9 /* FBAudienceNetwork.README.txt in Resources */ = {isa = PBXBuildFile; fileRef = 794ED40D1A85BA4A00CA0DD9 /* FBAudienceNetwork.README.txt */; };
		794ED5291A85BA4B00CA0DD9 /* LICENSE in Resources */ = {isa = PBXBuildFile; fileRef = 794ED40E1A85BA4A00CA0DD9 /* LICENSE */; };
		794ED52A1A85BA4B00CA0DD9 /* README.txt in Resources */ = {isa = PBXBuildFile; fileRef = 794ED40F1A85BA4A00CA0DD9 /* README.txt */; };
		BE86B82C1A8607DE00F5910A /* HelperFunctions.swift in Sources */ = {isa = PBXBuildFile; fileRef = BE86B82B1A8607DE00F5910A /* HelperFunctions.swift */; };
/* End PBXBuildFile section */

/* Begin PBXContainerItemProxy section */
		7944080F1A859E7700C72509 /* PBXContainerItemProxy */ = {
			isa = PBXContainerItemProxy;
			containerPortal = 794407F11A859E7700C72509 /* Project object */;
			proxyType = 1;
			remoteGlobalIDString = 794407F81A859E7700C72509;
			remoteInfo = ScottySports;
		};
/* End PBXContainerItemProxy section */

/* Begin PBXFileReference section */
		495D75C81A85B2D0007EF854 /* AudioToolbox.framework */ = {isa = PBXFileReference; lastKnownFileType = wrapper.framework; name = AudioToolbox.framework; path = System/Library/Frameworks/AudioToolbox.framework; sourceTree = SDKROOT; };
		495D75CA1A85B2D7007EF854 /* CFNetwork.framework */ = {isa = PBXFileReference; lastKnownFileType = wrapper.framework; name = CFNetwork.framework; path = System/Library/Frameworks/CFNetwork.framework; sourceTree = SDKROOT; };
		495D75CC1A85B2E0007EF854 /* CoreGraphics.framework */ = {isa = PBXFileReference; lastKnownFileType = wrapper.framework; name = CoreGraphics.framework; path = System/Library/Frameworks/CoreGraphics.framework; sourceTree = SDKROOT; };
		495D75CE1A85B2E8007EF854 /* CoreLocation.framework */ = {isa = PBXFileReference; lastKnownFileType = wrapper.framework; name = CoreLocation.framework; path = System/Library/Frameworks/CoreLocation.framework; sourceTree = SDKROOT; };
		495D75D01A85B2F1007EF854 /* libz.dylib */ = {isa = PBXFileReference; lastKnownFileType = "compiled.mach-o.dylib"; name = libz.dylib; path = usr/lib/libz.dylib; sourceTree = SDKROOT; };
		495D75D21A85B2F9007EF854 /* MobileCoreServices.framework */ = {isa = PBXFileReference; lastKnownFileType = wrapper.framework; name = MobileCoreServices.framework; path = System/Library/Frameworks/MobileCoreServices.framework; sourceTree = SDKROOT; };
		495D75D41A85B2FF007EF854 /* QuartzCore.framework */ = {isa = PBXFileReference; lastKnownFileType = wrapper.framework; name = QuartzCore.framework; path = System/Library/Frameworks/QuartzCore.framework; sourceTree = SDKROOT; };
		495D75D61A85B306007EF854 /* Security.framework */ = {isa = PBXFileReference; lastKnownFileType = wrapper.framework; name = Security.framework; path = System/Library/Frameworks/Security.framework; sourceTree = SDKROOT; };
		495D75D81A85B311007EF854 /* StoreKit.framework */ = {isa = PBXFileReference; lastKnownFileType = wrapper.framework; name = StoreKit.framework; path = System/Library/Frameworks/StoreKit.framework; sourceTree = SDKROOT; };
		495D75DA1A85B317007EF854 /* SystemConfiguration.framework */ = {isa = PBXFileReference; lastKnownFileType = wrapper.framework; name = SystemConfiguration.framework; path = System/Library/Frameworks/SystemConfiguration.framework; sourceTree = SDKROOT; };
		495D75DC1A85B340007EF854 /* libsqlite3.dylib */ = {isa = PBXFileReference; lastKnownFileType = "compiled.mach-o.dylib"; name = libsqlite3.dylib; path = usr/lib/libsqlite3.dylib; sourceTree = SDKROOT; };
		495D75E21A85B40B007EF854 /* ScottySports-Bridging-Header.h */ = {isa = PBXFileReference; lastKnownFileType = sourcecode.c.h; path = "ScottySports-Bridging-Header.h"; sourceTree = SOURCE_ROOT; };
		7926DA661A860335009FABF9 /* CMU logo.png */ = {isa = PBXFileReference; lastKnownFileType = image.png; path = "CMU logo.png"; sourceTree = "<group>"; };
		7926DA6A1A868A88009FABF9 /* gradientView.swift */ = {isa = PBXFileReference; fileEncoding = 4; lastKnownFileType = sourcecode.swift; path = gradientView.swift; sourceTree = "<group>"; };
		794407F91A859E7700C72509 /* ScottySports.app */ = {isa = PBXFileReference; explicitFileType = wrapper.application; includeInIndex = 0; path = ScottySports.app; sourceTree = BUILT_PRODUCTS_DIR; };
		794407FD1A859E7700C72509 /* Info.plist */ = {isa = PBXFileReference; lastKnownFileType = text.plist.xml; path = Info.plist; sourceTree = "<group>"; };
		794407FE1A859E7700C72509 /* AppDelegate.swift */ = {isa = PBXFileReference; lastKnownFileType = sourcecode.swift; path = AppDelegate.swift; sourceTree = "<group>"; };
		794408001A859E7700C72509 /* ViewController.swift */ = {isa = PBXFileReference; lastKnownFileType = sourcecode.swift; path = ViewController.swift; sourceTree = "<group>"; };
		794408031A859E7700C72509 /* Base */ = {isa = PBXFileReference; lastKnownFileType = file.storyboard; name = Base; path = Base.lproj/Main.storyboard; sourceTree = "<group>"; };
		794408051A859E7700C72509 /* Images.xcassets */ = {isa = PBXFileReference; lastKnownFileType = folder.assetcatalog; path = Images.xcassets; sourceTree = "<group>"; };
		794408081A859E7700C72509 /* Base */ = {isa = PBXFileReference; lastKnownFileType = file.xib; name = Base; path = Base.lproj/LaunchScreen.xib; sourceTree = "<group>"; };
		7944080E1A859E7700C72509 /* ScottySportsTests.xctest */ = {isa = PBXFileReference; explicitFileType = wrapper.cfbundle; includeInIndex = 0; path = ScottySportsTests.xctest; sourceTree = BUILT_PRODUCTS_DIR; };
		794408131A859E7700C72509 /* Info.plist */ = {isa = PBXFileReference; lastKnownFileType = text.plist.xml; path = Info.plist; sourceTree = "<group>"; };
		794408141A859E7700C72509 /* ScottySportsTests.swift */ = {isa = PBXFileReference; lastKnownFileType = sourcecode.swift; path = ScottySportsTests.swift; sourceTree = "<group>"; };
		794ED2111A85B71000CA0DD9 /* Parse.framework */ = {isa = PBXFileReference; lastKnownFileType = wrapper.framework; path = Parse.framework; sourceTree = "<group>"; };
		794ED40A1A85BA4A00CA0DD9 /* Bolts.framework */ = {isa = PBXFileReference; lastKnownFileType = wrapper.framework; path = Bolts.framework; sourceTree = "<group>"; };
		794ED40B1A85BA4A00CA0DD9 /* FacebookSDK.framework */ = {isa = PBXFileReference; lastKnownFileType = wrapper.framework; path = FacebookSDK.framework; sourceTree = "<group>"; };
		794ED40C1A85BA4A00CA0DD9 /* FBAudienceNetwork.framework */ = {isa = PBXFileReference; lastKnownFileType = wrapper.framework; path = FBAudienceNetwork.framework; sourceTree = "<group>"; };
		794ED40D1A85BA4A00CA0DD9 /* FBAudienceNetwork.README.txt */ = {isa = PBXFileReference; fileEncoding = 4; lastKnownFileType = text; path = FBAudienceNetwork.README.txt; sourceTree = "<group>"; };
		794ED40E1A85BA4A00CA0DD9 /* LICENSE */ = {isa = PBXFileReference; fileEncoding = 4; lastKnownFileType = text; path = LICENSE; sourceTree = "<group>"; };
		794ED40F1A85BA4A00CA0DD9 /* README.txt */ = {isa = PBXFileReference; fileEncoding = 4; lastKnownFileType = text; path = README.txt; sourceTree = "<group>"; };
		BE86B82B1A8607DE00F5910A /* HelperFunctions.swift */ = {isa = PBXFileReference; fileEncoding = 4; lastKnownFileType = sourcecode.swift; path = HelperFunctions.swift; sourceTree = "<group>"; };
/* End PBXFileReference section */

/* Begin PBXFrameworksBuildPhase section */
		794407F61A859E7700C72509 /* Frameworks */ = {
			isa = PBXFrameworksBuildPhase;
			buildActionMask = 2147483647;
			files = (
				495D75DD1A85B340007EF854 /* libsqlite3.dylib in Frameworks */,
				495D75DB1A85B317007EF854 /* SystemConfiguration.framework in Frameworks */,
				495D75D91A85B311007EF854 /* StoreKit.framework in Frameworks */,
				495D75D71A85B306007EF854 /* Security.framework in Frameworks */,
				794ED2131A85B71000CA0DD9 /* Parse.framework in Frameworks */,
				495D75D51A85B2FF007EF854 /* QuartzCore.framework in Frameworks */,
				495D75D31A85B2F9007EF854 /* MobileCoreServices.framework in Frameworks */,
				794ED5271A85BA4A00CA0DD9 /* FBAudienceNetwork.framework in Frameworks */,
				495D75D11A85B2F1007EF854 /* libz.dylib in Frameworks */,
				495D75CF1A85B2E8007EF854 /* CoreLocation.framework in Frameworks */,
				495D75CD1A85B2E0007EF854 /* CoreGraphics.framework in Frameworks */,
				495D75CB1A85B2D7007EF854 /* CFNetwork.framework in Frameworks */,
				794ED5261A85BA4A00CA0DD9 /* FacebookSDK.framework in Frameworks */,
				495D75C91A85B2D0007EF854 /* AudioToolbox.framework in Frameworks */,
				794ED5251A85BA4A00CA0DD9 /* Bolts.framework in Frameworks */,
			);
			runOnlyForDeploymentPostprocessing = 0;
		};
		7944080B1A859E7700C72509 /* Frameworks */ = {
			isa = PBXFrameworksBuildPhase;
			buildActionMask = 2147483647;
			files = (
			);
			runOnlyForDeploymentPostprocessing = 0;
		};
/* End PBXFrameworksBuildPhase section */

/* Begin PBXGroup section */
		4CB3B13E1A85DC3200B3EAA8 /* gioawejgioaewjgiaewogjaweio */ = {
			isa = PBXGroup;
			children = (
			);
			name = gioawejgioaewjgiaewogjaweio;
			path = ScottySports;
			sourceTree = "<group>";
		};
		794407F01A859E7700C72509 = {
			isa = PBXGroup;
			children = (
				794ED4071A85B9EB00CA0DD9 /* Frameworks */,
				794407FB1A859E7700C72509 /* ScottySports */,
				794408111A859E7700C72509 /* ScottySportsTests */,
				794407FA1A859E7700C72509 /* Products */,
				4CB3B13E1A85DC3200B3EAA8 /* gioawejgioaewjgiaewogjaweio */,
			);
			sourceTree = "<group>";
		};
		794407FA1A859E7700C72509 /* Products */ = {
			isa = PBXGroup;
			children = (
				794407F91A859E7700C72509 /* ScottySports.app */,
				7944080E1A859E7700C72509 /* ScottySportsTests.xctest */,
			);
			name = Products;
			sourceTree = "<group>";
		};
		794407FB1A859E7700C72509 /* ScottySports */ = {
			isa = PBXGroup;
			children = (
				794407FE1A859E7700C72509 /* AppDelegate.swift */,
				794408001A859E7700C72509 /* ViewController.swift */,
				BE86B82B1A8607DE00F5910A /* HelperFunctions.swift */,
				7926DA6A1A868A88009FABF9 /* gradientView.swift */,
				794408021A859E7700C72509 /* Main.storyboard */,
				794408051A859E7700C72509 /* Images.xcassets */,
				794408071A859E7700C72509 /* LaunchScreen.xib */,
				794407FC1A859E7700C72509 /* Supporting Files */,
			);
			path = ScottySports;
			sourceTree = "<group>";
		};
		794407FC1A859E7700C72509 /* Supporting Files */ = {
			isa = PBXGroup;
			children = (
				7926DA661A860335009FABF9 /* CMU logo.png */,
				495D75E21A85B40B007EF854 /* ScottySports-Bridging-Header.h */,
				794407FD1A859E7700C72509 /* Info.plist */,
			);
			name = "Supporting Files";
			sourceTree = "<group>";
		};
		794408111A859E7700C72509 /* ScottySportsTests */ = {
			isa = PBXGroup;
			children = (
				794408141A859E7700C72509 /* ScottySportsTests.swift */,
				794408121A859E7700C72509 /* Supporting Files */,
			);
			path = ScottySportsTests;
			sourceTree = "<group>";
		};
		794408121A859E7700C72509 /* Supporting Files */ = {
			isa = PBXGroup;
			children = (
				794408131A859E7700C72509 /* Info.plist */,
			);
			name = "Supporting Files";
			sourceTree = "<group>";
		};
		794ED4071A85B9EB00CA0DD9 /* Frameworks */ = {
			isa = PBXGroup;
			children = (
				794ED4091A85BA4A00CA0DD9 /* FacebookSDK */,
				794ED4081A85BA0B00CA0DD9 /* Parse */,
			);
			name = Frameworks;
			sourceTree = "<group>";
		};
		794ED4081A85BA0B00CA0DD9 /* Parse */ = {
			isa = PBXGroup;
			children = (
				794ED2111A85B71000CA0DD9 /* Parse.framework */,
				495D75DC1A85B340007EF854 /* libsqlite3.dylib */,
				495D75DA1A85B317007EF854 /* SystemConfiguration.framework */,
				495D75D81A85B311007EF854 /* StoreKit.framework */,
				495D75D61A85B306007EF854 /* Security.framework */,
				495D75D41A85B2FF007EF854 /* QuartzCore.framework */,
				495D75D21A85B2F9007EF854 /* MobileCoreServices.framework */,
				495D75D01A85B2F1007EF854 /* libz.dylib */,
				495D75CE1A85B2E8007EF854 /* CoreLocation.framework */,
				495D75CC1A85B2E0007EF854 /* CoreGraphics.framework */,
				495D75CA1A85B2D7007EF854 /* CFNetwork.framework */,
				495D75C81A85B2D0007EF854 /* AudioToolbox.framework */,
			);
			name = Parse;
			sourceTree = "<group>";
		};
		794ED4091A85BA4A00CA0DD9 /* FacebookSDK */ = {
			isa = PBXGroup;
			children = (
				794ED40A1A85BA4A00CA0DD9 /* Bolts.framework */,
				794ED40B1A85BA4A00CA0DD9 /* FacebookSDK.framework */,
				794ED40C1A85BA4A00CA0DD9 /* FBAudienceNetwork.framework */,
				794ED40D1A85BA4A00CA0DD9 /* FBAudienceNetwork.README.txt */,
				794ED40E1A85BA4A00CA0DD9 /* LICENSE */,
				794ED40F1A85BA4A00CA0DD9 /* README.txt */,
			);
			path = FacebookSDK;
			sourceTree = "<group>";
		};
/* End PBXGroup section */

/* Begin PBXNativeTarget section */
		794407F81A859E7700C72509 /* ScottySports */ = {
			isa = PBXNativeTarget;
			buildConfigurationList = 794408181A859E7700C72509 /* Build configuration list for PBXNativeTarget "ScottySports" */;
			buildPhases = (
				794407F51A859E7700C72509 /* Sources */,
				794407F61A859E7700C72509 /* Frameworks */,
				794407F71A859E7700C72509 /* Resources */,
			);
			buildRules = (
			);
			dependencies = (
			);
			name = ScottySports;
			productName = ScottySports;
			productReference = 794407F91A859E7700C72509 /* ScottySports.app */;
			productType = "com.apple.product-type.application";
		};
		7944080D1A859E7700C72509 /* ScottySportsTests */ = {
			isa = PBXNativeTarget;
			buildConfigurationList = 7944081B1A859E7700C72509 /* Build configuration list for PBXNativeTarget "ScottySportsTests" */;
			buildPhases = (
				7944080A1A859E7700C72509 /* Sources */,
				7944080B1A859E7700C72509 /* Frameworks */,
				7944080C1A859E7700C72509 /* Resources */,
			);
			buildRules = (
			);
			dependencies = (
				794408101A859E7700C72509 /* PBXTargetDependency */,
			);
			name = ScottySportsTests;
			productName = ScottySportsTests;
			productReference = 7944080E1A859E7700C72509 /* ScottySportsTests.xctest */;
			productType = "com.apple.product-type.bundle.unit-test";
		};
/* End PBXNativeTarget section */

/* Begin PBXProject section */
		794407F11A859E7700C72509 /* Project object */ = {
			isa = PBXProject;
			attributes = {
				LastUpgradeCheck = 0610;
				ORGANIZATIONNAME = KIRK;
				TargetAttributes = {
					794407F81A859E7700C72509 = {
						CreatedOnToolsVersion = 6.1.1;
					};
					7944080D1A859E7700C72509 = {
						CreatedOnToolsVersion = 6.1.1;
						TestTargetID = 794407F81A859E7700C72509;
					};
				};
			};
			buildConfigurationList = 794407F41A859E7700C72509 /* Build configuration list for PBXProject "ScottySports" */;
			compatibilityVersion = "Xcode 3.2";
			developmentRegion = English;
			hasScannedForEncodings = 0;
			knownRegions = (
				en,
				Base,
				he,
			);
			mainGroup = 794407F01A859E7700C72509;
			productRefGroup = 794407FA1A859E7700C72509 /* Products */;
			projectDirPath = "";
			projectRoot = "";
			targets = (
				794407F81A859E7700C72509 /* ScottySports */,
				7944080D1A859E7700C72509 /* ScottySportsTests */,
			);
		};
/* End PBXProject section */

/* Begin PBXResourcesBuildPhase section */
		794407F71A859E7700C72509 /* Resources */ = {
			isa = PBXResourcesBuildPhase;
			buildActionMask = 2147483647;
			files = (
				794408041A859E7700C72509 /* Main.storyboard in Resources */,
				794408091A859E7700C72509 /* LaunchScreen.xib in Resources */,
				7926DA671A860335009FABF9 /* CMU logo.png in Resources */,
				794ED5281A85BA4B00CA0DD9 /* FBAudienceNetwork.README.txt in Resources */,
				794408061A859E7700C72509 /* Images.xcassets in Resources */,
				794ED52A1A85BA4B00CA0DD9 /* README.txt in Resources */,
				794ED5291A85BA4B00CA0DD9 /* LICENSE in Resources */,
			);
			runOnlyForDeploymentPostprocessing = 0;
		};
		7944080C1A859E7700C72509 /* Resources */ = {
			isa = PBXResourcesBuildPhase;
			buildActionMask = 2147483647;
			files = (
			);
			runOnlyForDeploymentPostprocessing = 0;
		};
/* End PBXResourcesBuildPhase section */

/* Begin PBXSourcesBuildPhase section */
		794407F51A859E7700C72509 /* Sources */ = {
			isa = PBXSourcesBuildPhase;
			buildActionMask = 2147483647;
			files = (
				794408011A859E7700C72509 /* ViewController.swift in Sources */,
				794407FF1A859E7700C72509 /* AppDelegate.swift in Sources */,
				7926DA6B1A868A88009FABF9 /* gradientView.swift in Sources */,
				BE86B82C1A8607DE00F5910A /* HelperFunctions.swift in Sources */,
			);
			runOnlyForDeploymentPostprocessing = 0;
		};
		7944080A1A859E7700C72509 /* Sources */ = {
			isa = PBXSourcesBuildPhase;
			buildActionMask = 2147483647;
			files = (
				794408151A859E7700C72509 /* ScottySportsTests.swift in Sources */,
			);
			runOnlyForDeploymentPostprocessing = 0;
		};
/* End PBXSourcesBuildPhase section */

/* Begin PBXTargetDependency section */
		794408101A859E7700C72509 /* PBXTargetDependency */ = {
			isa = PBXTargetDependency;
			target = 794407F81A859E7700C72509 /* ScottySports */;
			targetProxy = 7944080F1A859E7700C72509 /* PBXContainerItemProxy */;
		};
/* End PBXTargetDependency section */

/* Begin PBXVariantGroup section */
		794408021A859E7700C72509 /* Main.storyboard */ = {
			isa = PBXVariantGroup;
			children = (
				794408031A859E7700C72509 /* Base */,
			);
			name = Main.storyboard;
			sourceTree = "<group>";
		};
		794408071A859E7700C72509 /* LaunchScreen.xib */ = {
			isa = PBXVariantGroup;
			children = (
				794408081A859E7700C72509 /* Base */,
			);
			name = LaunchScreen.xib;
			sourceTree = "<group>";
		};
/* End PBXVariantGroup section */

/* Begin XCBuildConfiguration section */
		794408161A859E7700C72509 /* Debug */ = {
			isa = XCBuildConfiguration;
			buildSettings = {
				ALWAYS_SEARCH_USER_PATHS = NO;
				CLANG_CXX_LANGUAGE_STANDARD = "gnu++0x";
				CLANG_CXX_LIBRARY = "libc++";
				CLANG_ENABLE_MODULES = YES;
				CLANG_ENABLE_OBJC_ARC = YES;
				CLANG_WARN_BOOL_CONVERSION = YES;
				CLANG_WARN_CONSTANT_CONVERSION = YES;
				CLANG_WARN_DIRECT_OBJC_ISA_USAGE = YES_ERROR;
				CLANG_WARN_EMPTY_BODY = YES;
				CLANG_WARN_ENUM_CONVERSION = YES;
				CLANG_WARN_INT_CONVERSION = YES;
				CLANG_WARN_OBJC_ROOT_CLASS = YES_ERROR;
				CLANG_WARN_UNREACHABLE_CODE = YES;
				CLANG_WARN__DUPLICATE_METHOD_MATCH = YES;
				"CODE_SIGN_IDENTITY[sdk=iphoneos*]" = "iPhone Developer";
				COPY_PHASE_STRIP = NO;
				ENABLE_STRICT_OBJC_MSGSEND = YES;
				GCC_C_LANGUAGE_STANDARD = gnu99;
				GCC_DYNAMIC_NO_PIC = NO;
				GCC_OPTIMIZATION_LEVEL = 0;
				GCC_PREPROCESSOR_DEFINITIONS = (
					"DEBUG=1",
					"$(inherited)",
				);
				GCC_SYMBOLS_PRIVATE_EXTERN = NO;
				GCC_WARN_64_TO_32_BIT_CONVERSION = YES;
				GCC_WARN_ABOUT_RETURN_TYPE = YES_ERROR;
				GCC_WARN_UNDECLARED_SELECTOR = YES;
				GCC_WARN_UNINITIALIZED_AUTOS = YES_AGGRESSIVE;
				GCC_WARN_UNUSED_FUNCTION = YES;
				GCC_WARN_UNUSED_VARIABLE = YES;
				IPHONEOS_DEPLOYMENT_TARGET = 8.1;
				MTL_ENABLE_DEBUG_INFO = YES;
				ONLY_ACTIVE_ARCH = YES;
				SDKROOT = iphoneos;
				SWIFT_OPTIMIZATION_LEVEL = "-Onone";
			};
			name = Debug;
		};
		794408171A859E7700C72509 /* Release */ = {
			isa = XCBuildConfiguration;
			buildSettings = {
				ALWAYS_SEARCH_USER_PATHS = NO;
				CLANG_CXX_LANGUAGE_STANDARD = "gnu++0x";
				CLANG_CXX_LIBRARY = "libc++";
				CLANG_ENABLE_MODULES = YES;
				CLANG_ENABLE_OBJC_ARC = YES;
				CLANG_WARN_BOOL_CONVERSION = YES;
				CLANG_WARN_CONSTANT_CONVERSION = YES;
				CLANG_WARN_DIRECT_OBJC_ISA_USAGE = YES_ERROR;
				CLANG_WARN_EMPTY_BODY = YES;
				CLANG_WARN_ENUM_CONVERSION = YES;
				CLANG_WARN_INT_CONVERSION = YES;
				CLANG_WARN_OBJC_ROOT_CLASS = YES_ERROR;
				CLANG_WARN_UNREACHABLE_CODE = YES;
				CLANG_WARN__DUPLICATE_METHOD_MATCH = YES;
				"CODE_SIGN_IDENTITY[sdk=iphoneos*]" = "iPhone Developer";
				COPY_PHASE_STRIP = YES;
				ENABLE_NS_ASSERTIONS = NO;
				ENABLE_STRICT_OBJC_MSGSEND = YES;
				GCC_C_LANGUAGE_STANDARD = gnu99;
				GCC_WARN_64_TO_32_BIT_CONVERSION = YES;
				GCC_WARN_ABOUT_RETURN_TYPE = YES_ERROR;
				GCC_WARN_UNDECLARED_SELECTOR = YES;
				GCC_WARN_UNINITIALIZED_AUTOS = YES_AGGRESSIVE;
				GCC_WARN_UNUSED_FUNCTION = YES;
				GCC_WARN_UNUSED_VARIABLE = YES;
				IPHONEOS_DEPLOYMENT_TARGET = 8.1;
				MTL_ENABLE_DEBUG_INFO = NO;
				SDKROOT = iphoneos;
				VALIDATE_PRODUCT = YES;
			};
			name = Release;
		};
		794408191A859E7700C72509 /* Debug */ = {
			isa = XCBuildConfiguration;
			buildSettings = {
				ASSETCATALOG_COMPILER_APPICON_NAME = AppIcon;
				CLANG_ENABLE_MODULES = YES;
				FRAMEWORK_SEARCH_PATHS = (
					"$(inherited)",
					"/afs/andrew.cmu.edu/usr11/kzy/Downloads/parse-starter-project-1.6.2/ParseSwiftStarterProject",
					"$(PROJECT_DIR)",
					"$(PROJECT_DIR)/FacebookSDK",
				);
				INFOPLIST_FILE = ScottySports/Info.plist;
				LD_RUNPATH_SEARCH_PATHS = "$(inherited) @executable_path/Frameworks";
				PRODUCT_NAME = "$(TARGET_NAME)";
				SWIFT_OBJC_BRIDGING_HEADER = "ScottySports-Bridging-Header.h";
				SWIFT_OPTIMIZATION_LEVEL = "-Onone";
			};
			name = Debug;
		};
		7944081A1A859E7700C72509 /* Release */ = {
			isa = XCBuildConfiguration;
			buildSettings = {
				ASSETCATALOG_COMPILER_APPICON_NAME = AppIcon;
				CLANG_ENABLE_MODULES = YES;
				FRAMEWORK_SEARCH_PATHS = (
					"$(inherited)",
					"/afs/andrew.cmu.edu/usr11/kzy/Downloads/parse-starter-project-1.6.2/ParseSwiftStarterProject",
					"$(PROJECT_DIR)",
					"$(PROJECT_DIR)/FacebookSDK",
				);
				INFOPLIST_FILE = ScottySports/Info.plist;
				LD_RUNPATH_SEARCH_PATHS = "$(inherited) @executable_path/Frameworks";
				PRODUCT_NAME = "$(TARGET_NAME)";
				SWIFT_OBJC_BRIDGING_HEADER = "ScottySports-Bridging-Header.h";
			};
			name = Release;
		};
		7944081C1A859E7700C72509 /* Debug */ = {
			isa = XCBuildConfiguration;
			buildSettings = {
				BUNDLE_LOADER = "$(TEST_HOST)";
				FRAMEWORK_SEARCH_PATHS = (
					"$(SDKROOT)/Developer/Library/Frameworks",
					"$(inherited)",
				);
				GCC_PREPROCESSOR_DEFINITIONS = (
					"DEBUG=1",
					"$(inherited)",
				);
				INFOPLIST_FILE = ScottySportsTests/Info.plist;
				LD_RUNPATH_SEARCH_PATHS = "$(inherited) @executable_path/Frameworks @loader_path/Frameworks";
				PRODUCT_NAME = "$(TARGET_NAME)";
				TEST_HOST = "$(BUILT_PRODUCTS_DIR)/ScottySports.app/ScottySports";
			};
			name = Debug;
		};
		7944081D1A859E7700C72509 /* Release */ = {
			isa = XCBuildConfiguration;
			buildSettings = {
				BUNDLE_LOADER = "$(TEST_HOST)";
				FRAMEWORK_SEARCH_PATHS = (
					"$(SDKROOT)/Developer/Library/Frameworks",
					"$(inherited)",
				);
				INFOPLIST_FILE = ScottySportsTests/Info.plist;
				LD_RUNPATH_SEARCH_PATHS = "$(inherited) @executable_path/Frameworks @loader_path/Frameworks";
				PRODUCT_NAME = "$(TARGET_NAME)";
				TEST_HOST = "$(BUILT_PRODUCTS_DIR)/ScottySports.app/ScottySports";
			};
			name = Release;
		};
/* End XCBuildConfiguration section */

/* Begin XCConfigurationList section */
		794407F41A859E7700C72509 /* Build configuration list for PBXProject "ScottySports" */ = {
			isa = XCConfigurationList;
			buildConfigurations = (
				794408161A859E7700C72509 /* Debug */,
				794408171A859E7700C72509 /* Release */,
			);
			defaultConfigurationIsVisible = 0;
			defaultConfigurationName = Release;
		};
		794408181A859E7700C72509 /* Build configuration list for PBXNativeTarget "ScottySports" */ = {
			isa = XCConfigurationList;
			buildConfigurations = (
				794408191A859E7700C72509 /* Debug */,
				7944081A1A859E7700C72509 /* Release */,
			);
			defaultConfigurationIsVisible = 0;
			defaultConfigurationName = Release;
		};
		7944081B1A859E7700C72509 /* Build configuration list for PBXNativeTarget "ScottySportsTests" */ = {
			isa = XCConfigurationList;
			buildConfigurations = (
				7944081C1A859E7700C72509 /* Debug */,
				7944081D1A859E7700C72509 /* Release */,
			);
			defaultConfigurationIsVisible = 0;
			defaultConfigurationName = Release;
		};
/* End XCConfigurationList section */
	};
	rootObject = 794407F11A859E7700C72509 /* Project object */;
}
